
Microsoft Visual Studio Solution File, Format Version 12.00
# Visual Studio 15
Project("{FAE04EC0-301F-11D3-BF4B-00C04F79EFBC}") = "Assembly-CSharp", "Assembly-CSharp.csproj", "{201320E8-A680-47C4-5B0A-6338487031DE}"
EndProject
Project("{FAE04EC0-301F-11D3-BF4B-00C04F79EFBC}") = "Assembly-CSharp-Editor", "Assembly-CSharp-Editor.csproj", "{62727853-7837-00D9-E517-A99E0E77AEBA}"
EndProject
Global
	GlobalSection(SolutionConfigurationPlatforms) = preSolution
		Debug|Any CPU = Debug|Any CPU
		Release|Any CPU = Release|Any CPU
	EndGlobalSection
	GlobalSection(ProjectConfigurationPlatforms) = postSolution
		{201320E8-A680-47C4-5B0A-6338487031DE}.Debug|Any CPU.ActiveCfg = Debug|Any CPU
		{201320E8-A680-47C4-5B0A-6338487031DE}.Debug|Any CPU.Build.0 = Debug|Any CPU
		{201320E8-A680-47C4-5B0A-6338487031DE}.Release|Any CPU.ActiveCfg = Release|Any CPU
		{201320E8-A680-47C4-5B0A-6338487031DE}.Release|Any CPU.Build.0 = Release|Any CPU
		{62727853-7837-00D9-E517-A99E0E77AEBA}.Debug|Any CPU.ActiveCfg = Debug|Any CPU
		{62727853-7837-00D9-E517-A99E0E77AEBA}.Debug|Any CPU.Build.0 = Debug|Any CPU
		{62727853-7837-00D9-E517-A99E0E77AEBA}.Release|Any CPU.ActiveCfg = Release|Any CPU
		{62727853-7837-00D9-E517-A99E0E77AEBA}.Release|Any CPU.Build.0 = Release|Any CPU
	EndGlobalSection
	GlobalSection(SolutionProperties) = preSolution
		HideSolutionNode = FALSE
	EndGlobalSection
EndGlobal
